{
  "name": "clipped-preset-docker",
  "version": "0.1.0",
  "lockfileVersion": 1,
  "requires": true,
  "dependencies": {
    "JSONStream": {
      "version": "0.10.0",
      "resolved": "https://registry.npmjs.org/JSONStream/-/JSONStream-0.10.0.tgz",
      "integrity": "sha1-dDSdDYlSK3HzDwoD/5vSDKbxKsA=",
      "requires": {
        "jsonparse": "0.0.5",
        "through": "2.3.8"
      }
    },
    "bl": {
      "version": "1.2.1",
      "resolved": "https://registry.npmjs.org/bl/-/bl-1.2.1.tgz",
      "integrity": "sha1-ysMo977kVzDUBLaSID/LWQ4XLV4=",
      "requires": {
        "readable-stream": "2.3.3"
      }
    },
    "chownr": {
      "version": "1.0.1",
      "resolved": "https://registry.npmjs.org/chownr/-/chownr-1.0.1.tgz",
      "integrity": "sha1-4qdQQqlVGQi+vSW4Uj1fl2nXkYE="
    },
    "core-util-is": {
      "version": "1.0.2",
      "resolved": "https://registry.npmjs.org/core-util-is/-/core-util-is-1.0.2.tgz",
      "integrity": "sha1-tf1UIgqivFq1eqtxQMlAdUUDwac="
    },
    "debug": {
      "version": "2.6.9",
      "resolved": "https://registry.npmjs.org/debug/-/debug-2.6.9.tgz",
      "integrity": "sha512-bC7ElrdJaJnPbAP+1EotYvqZsb3ecl5wi6Bfi6BJTUcNowp6cvspg0jXznRTKDjm/E7AdgFBVeAPVMNcKGsHMA==",
      "requires": {
        "ms": "2.0.0"
      }
    },
    "docker-modem": {
      "version": "0.3.7",
      "resolved": "https://registry.npmjs.org/docker-modem/-/docker-modem-0.3.7.tgz",
      "integrity": "sha1-P1ENCfXTNNwhNCKPkr00RnEiffQ=",
      "requires": {
        "JSONStream": "0.10.0",
        "debug": "2.6.9",
        "readable-stream": "1.0.34",
        "split-ca": "1.0.1"
      },
      "dependencies": {
        "isarray": {
          "version": "0.0.1",
          "resolved": "https://registry.npmjs.org/isarray/-/isarray-0.0.1.tgz",
          "integrity": "sha1-ihis/Kmo9Bd+Cav8YDiTmwXR7t8="
        },
        "readable-stream": {
          "version": "1.0.34",
          "resolved": "https://registry.npmjs.org/readable-stream/-/readable-stream-1.0.34.tgz",
          "integrity": "sha1-Elgg40vIQtLyqq+v5MKRbuMsFXw=",
          "requires": {
            "core-util-is": "1.0.2",
            "inherits": "2.0.3",
            "isarray": "0.0.1",
            "string_decoder": "0.10.31"
          }
        },
        "string_decoder": {
          "version": "0.10.31",
          "resolved": "https://registry.npmjs.org/string_decoder/-/string_decoder-0.10.31.tgz",
          "integrity": "sha1-YuIDvEF2bGwoyfyEMB2rHFMQ+pQ="
        }
      }
    },
    "end-of-stream": {
      "version": "1.4.0",
      "resolved": "https://registry.npmjs.org/end-of-stream/-/end-of-stream-1.4.0.tgz",
      "integrity": "sha1-epDYM+/abPpurA9JSduw+tOmMgY=",
      "requires": {
        "once": "1.4.0"
      }
    },
    "inherits": {
      "version": "2.0.3",
      "resolved": "https://registry.npmjs.org/inherits/-/inherits-2.0.3.tgz",
      "integrity": "sha1-Yzwsg+PaQqUC9SRmAiSA9CCCYd4="
    },
    "isarray": {
      "version": "1.0.0",
      "resolved": "https://registry.npmjs.org/isarray/-/isarray-1.0.0.tgz",
      "integrity": "sha1-u5NdSFgsuhaMBoNJV6VKPgcSTxE="
    },
    "jsonparse": {
      "version": "0.0.5",
      "resolved": "https://registry.npmjs.org/jsonparse/-/jsonparse-0.0.5.tgz",
      "integrity": "sha1-MwVCrT8KZUZlt3jz6y2an6UHrGQ="
    },
    "memorystream": {
      "version": "0.3.1",
      "resolved": "https://registry.npmjs.org/memorystream/-/memorystream-0.3.1.tgz",
      "integrity": "sha1-htcJCzDORV1j+64S3aUaR93K+bI="
    },
    "minimist": {
      "version": "0.0.8",
      "resolved": "https://registry.npmjs.org/minimist/-/minimist-0.0.8.tgz",
      "integrity": "sha1-hX/Kv8M5fSYluCKCYuhqp6ARsF0="
    },
    "mkdirp": {
      "version": "0.5.1",
      "resolved": "https://registry.npmjs.org/mkdirp/-/mkdirp-0.5.1.tgz",
      "integrity": "sha1-MAV0OOrGz3+MR2fzhkjWaX11yQM=",
      "requires": {
        "minimist": "0.0.8"
      }
    },
    "ms": {
      "version": "2.0.0",
      "resolved": "https://registry.npmjs.org/ms/-/ms-2.0.0.tgz",
      "integrity": "sha1-VgiurfwAvmwpAd9fmGF4jeDVl8g="
    },
    "node-docker-api": {
      "version": "1.1.18",
      "resolved": "https://registry.npmjs.org/node-docker-api/-/node-docker-api-1.1.18.tgz",
      "integrity": "sha512-sjxCnFJBxE/azKXyvBsf+CLtrsAw3EWUJMx6kzzsmC8yqgC0i8EWxHM0AA6EFtn7aoBavLoMzHlbugILSW7SWw==",
      "requires": {
        "docker-modem": "0.3.7",
        "memorystream": "0.3.1"
      }
    },
    "once": {
      "version": "1.4.0",
      "resolved": "https://registry.npmjs.org/once/-/once-1.4.0.tgz",
      "integrity": "sha1-WDsap3WWHUsROsF9nFC6753Xa9E=",
      "requires": {
        "wrappy": "1.0.2"
      }
    },
    "process-nextick-args": {
      "version": "1.0.7",
      "resolved": "https://registry.npmjs.org/process-nextick-args/-/process-nextick-args-1.0.7.tgz",
      "integrity": "sha1-FQ4gt1ZZCtP5EJPyWk8q2L/zC6M="
    },
    "pump": {
      "version": "1.0.3",
      "resolved": "https://registry.npmjs.org/pump/-/pump-1.0.3.tgz",
      "integrity": "sha512-8k0JupWme55+9tCVE+FS5ULT3K6AbgqrGa58lTT49RpyfwwcGedHqaC5LlQNdEAumn/wFsu6aPwkuPMioy8kqw==",
      "requires": {
        "end-of-stream": "1.4.0",
        "once": "1.4.0"
      }
    },
    "readable-stream": {
      "version": "2.3.3",
      "resolved": "https://registry.npmjs.org/readable-stream/-/readable-stream-2.3.3.tgz",
      "integrity": "sha512-m+qzzcn7KUxEmd1gMbchF+Y2eIUbieUaxkWtptyHywrX0rE8QEYqPC07Vuy4Wm32/xE16NcdBctb8S0Xe/5IeQ==",
      "requires": {
        "core-util-is": "1.0.2",
        "inherits": "2.0.3",
        "isarray": "1.0.0",
        "process-nextick-args": "1.0.7",
        "safe-buffer": "5.1.1",
        "string_decoder": "1.0.3",
        "util-deprecate": "1.0.2"
      }
    },
    "safe-buffer": {
      "version": "5.1.1",
      "resolved": "https://registry.npmjs.org/safe-buffer/-/safe-buffer-5.1.1.tgz",
      "integrity": "sha512-kKvNJn6Mm93gAczWVJg7wH+wGYWNrDHdWvpUmHyEsgCtIwwo3bqPtV4tR5tuPaUhTOo/kvhVwd8XwwOllGYkbg=="
    },
    "split-ca": {
      "version": "1.0.1",
      "resolved": "https://registry.npmjs.org/split-ca/-/split-ca-1.0.1.tgz",
      "integrity": "sha1-bIOv82kvphJW4M0ZfgXp3hV2kaY="
    },
    "string_decoder": {
      "version": "1.0.3",
      "resolved": "https://registry.npmjs.org/string_decoder/-/string_decoder-1.0.3.tgz",
      "integrity": "sha512-4AH6Z5fzNNBcH+6XDMfA/BTt87skxqJlO0lAh3Dker5zThcAxG6mKz+iGu308UKoPPQ8Dcqx/4JhujzltRa+hQ==",
      "requires": {
        "safe-buffer": "5.1.1"
      }
    },
    "tar-fs": {
      "version": "1.16.0",
      "resolved": "https://registry.npmjs.org/tar-fs/-/tar-fs-1.16.0.tgz",
      "integrity": "sha512-I9rb6v7mjWLtOfCau9eH5L7sLJyU2BnxtEZRQ5Mt+eRKmf1F0ohXmT/Jc3fr52kDvjJ/HV5MH3soQfPL5bQ0Yg==",
      "requires": {
        "chownr": "1.0.1",
        "mkdirp": "0.5.1",
        "pump": "1.0.3",
        "tar-stream": "1.5.5"
      }
    },
    "tar-stream": {
      "version": "1.5.5",
      "resolved": "https://registry.npmjs.org/tar-stream/-/tar-stream-1.5.5.tgz",
      "integrity": "sha512-mQdgLPc/Vjfr3VWqWbfxW8yQNiJCbAZ+Gf6GDu1Cy0bdb33ofyiNGBtAY96jHFhDuivCwgW1H9DgTON+INiXgg==",
      "requires": {
        "bl": "1.2.1",
        "end-of-stream": "1.4.0",
        "readable-stream": "2.3.3",
        "xtend": "4.0.1"
      }
    },
    "through": {
      "version": "2.3.8",
      "resolved": "https://registry.npmjs.org/through/-/through-2.3.8.tgz",
      "integrity": "sha1-DdTJ/6q8NXlgsbckEV1+Doai4fU="
    },
    "util-deprecate": {
      "version": "1.0.2",
      "resolved": "https://registry.npmjs.org/util-deprecate/-/util-deprecate-1.0.2.tgz",
      "integrity": "sha1-RQ1Nyfpw3nMnYvvS1KKJgUGaDM8="
    },
    "wrappy": {
      "version": "1.0.2",
      "resolved": "https://registry.npmjs.org/wrappy/-/wrappy-1.0.2.tgz",
      "integrity": "sha1-tSQ9jz7BqjXxNkYFvA0QNuMKtp8="
    },
    "xtend": {
      "version": "4.0.1",
      "resolved": "https://registry.npmjs.org/xtend/-/xtend-4.0.1.tgz",
      "integrity": "sha1-pcbVMr5lbiPbgg77lDofBJmNY68="
    }
  }
}
