# THIS IS AN AUTOGENERATED FILE. DO NOT EDIT THIS FILE DIRECTLY.
# yarn lockfile v1


ansi-regex@^2.0.0:
  version "2.1.1"
  resolved "https://registry.yarnpkg.com/ansi-regex/-/ansi-regex-2.1.1.tgz#c3b33ab5ee360d86e0e628f0468ae7ef27d654df"

big.js@^3.1.3:
  version "3.2.0"
  resolved "https://registry.yarnpkg.com/big.js/-/big.js-3.2.0.tgz#a5fc298b81b9e0dca2e458824784b65c52ba588e"

boolbase@~1.0.0:
  version "1.0.0"
  resolved "https://registry.yarnpkg.com/boolbase/-/boolbase-1.0.0.tgz#68dff5fbe60c51eb37725ea9e3ed310dcc1e776e"

camel-case@3.0.x:
  version "3.0.0"
  resolved "https://registry.yarnpkg.com/camel-case/-/camel-case-3.0.0.tgz#ca3c3688a4e9cf3a4cda777dc4dcbc713249cf73"
  dependencies:
    no-case "^2.2.0"
    upper-case "^1.1.1"

clean-css@4.2.x:
  version "4.2.1"
  resolved "https://registry.yarnpkg.com/clean-css/-/clean-css-4.2.1.tgz#2d411ef76b8569b6d0c84068dabe85b0aa5e5c17"
  dependencies:
    source-map "~0.6.0"

commander@2.17.x, commander@~2.17.1:
  version "2.17.1"
  resolved "https://registry.yarnpkg.com/commander/-/commander-2.17.1.tgz#bd77ab7de6de94205ceacc72f1716d29f20a77bf"

core-util-is@~1.0.0:
  version "1.0.2"
  resolved "https://registry.yarnpkg.com/core-util-is/-/core-util-is-1.0.2.tgz#b5fd54220aa2bc5ab57aab7140c940754503c1a7"

css-select@^1.1.0:
  version "1.2.0"
  resolved "http://registry.npmjs.org/css-select/-/css-select-1.2.0.tgz#2b3a110539c5355f1cd8d314623e870b121ec858"
  dependencies:
    boolbase "~1.0.0"
    css-what "2.1"
    domutils "1.5.1"
    nth-check "~1.0.1"

css-what@2.1:
  version "2.1.2"
  resolved "https://registry.yarnpkg.com/css-what/-/css-what-2.1.2.tgz#c0876d9d0480927d7d4920dcd72af3595649554d"

define-properties@^1.1.2:
  version "1.1.3"
  resolved "https://registry.yarnpkg.com/define-properties/-/define-properties-1.1.3.tgz#cf88da6cbee26fe6db7094f61d870cbd84cee9f1"
  dependencies:
    object-keys "^1.0.12"

dom-converter@~0.2:
  version "0.2.0"
  resolved "https://registry.yarnpkg.com/dom-converter/-/dom-converter-0.2.0.tgz#6721a9daee2e293682955b6afe416771627bb768"
  dependencies:
    utila "~0.4"

dom-serializer@0:
  version "0.1.0"
  resolved "https://registry.yarnpkg.com/dom-serializer/-/dom-serializer-0.1.0.tgz#073c697546ce0780ce23be4a28e293e40bc30c82"
  dependencies:
    domelementtype "~1.1.1"
    entities "~1.1.1"

domelementtype@1:
  version "1.2.1"
  resolved "https://registry.yarnpkg.com/domelementtype/-/domelementtype-1.2.1.tgz#578558ef23befac043a1abb0db07635509393479"

domelementtype@~1.1.1:
  version "1.1.3"
  resolved "http://registry.npmjs.org/domelementtype/-/domelementtype-1.1.3.tgz#bd28773e2642881aec51544924299c5cd822185b"

domhandler@2.1:
  version "2.1.0"
  resolved "https://registry.yarnpkg.com/domhandler/-/domhandler-2.1.0.tgz#d2646f5e57f6c3bab11cf6cb05d3c0acf7412594"
  dependencies:
    domelementtype "1"

domutils@1.1:
  version "1.1.6"
  resolved "https://registry.yarnpkg.com/domutils/-/domutils-1.1.6.tgz#bddc3de099b9a2efacc51c623f28f416ecc57485"
  dependencies:
    domelementtype "1"

domutils@1.5.1:
  version "1.5.1"
  resolved "https://registry.yarnpkg.com/domutils/-/domutils-1.5.1.tgz#dcd8488a26f563d61079e48c9f7b7e32373682cf"
  dependencies:
    dom-serializer "0"
    domelementtype "1"

emojis-list@^2.0.0:
  version "2.1.0"
  resolved "https://registry.yarnpkg.com/emojis-list/-/emojis-list-2.1.0.tgz#4daa4d9db00f9819880c79fa457ae5b09a1fd389"

entities@~1.1.1:
  version "1.1.2"
  resolved "https://registry.yarnpkg.com/entities/-/entities-1.1.2.tgz#bdfa735299664dfafd34529ed4f8522a275fea56"

es-abstract@^1.5.1:
  version "1.12.0"
  resolved "https://registry.yarnpkg.com/es-abstract/-/es-abstract-1.12.0.tgz#9dbbdd27c6856f0001421ca18782d786bf8a6165"
  dependencies:
    es-to-primitive "^1.1.1"
    function-bind "^1.1.1"
    has "^1.0.1"
    is-callable "^1.1.3"
    is-regex "^1.0.4"

es-to-primitive@^1.1.1:
  version "1.2.0"
  resolved "https://registry.yarnpkg.com/es-to-primitive/-/es-to-primitive-1.2.0.tgz#edf72478033456e8dda8ef09e00ad9650707f377"
  dependencies:
    is-callable "^1.1.4"
    is-date-object "^1.0.1"
    is-symbol "^1.0.2"

function-bind@^1.1.1:
  version "1.1.1"
  resolved "https://registry.yarnpkg.com/function-bind/-/function-bind-1.1.1.tgz#a56899d3ea3c9bab874bb9773b7c5ede92f4895d"

has-symbols@^1.0.0:
  version "1.0.0"
  resolved "https://registry.yarnpkg.com/has-symbols/-/has-symbols-1.0.0.tgz#ba1a8f1af2a0fc39650f5c850367704122063b44"

has@^1.0.1:
  version "1.0.3"
  resolved "https://registry.yarnpkg.com/has/-/has-1.0.3.tgz#722d7cbfc1f6aa8241f16dd814e011e1f41e8796"
  dependencies:
    function-bind "^1.1.1"

he@1.2.x:
  version "1.2.0"
  resolved "https://registry.yarnpkg.com/he/-/he-1.2.0.tgz#84ae65fa7eafb165fddb61566ae14baf05664f0f"

html-minifier@^3.5.20:
  version "3.5.21"
  resolved "https://registry.yarnpkg.com/html-minifier/-/html-minifier-3.5.21.tgz#d0040e054730e354db008463593194015212d20c"
  dependencies:
    camel-case "3.0.x"
    clean-css "4.2.x"
    commander "2.17.x"
    he "1.2.x"
    param-case "2.1.x"
    relateurl "0.2.x"
    uglify-js "3.4.x"

html-webpack-plugin@^4.0.0-beta.2:
  version "4.0.0-beta.2"
  resolved "https://registry.yarnpkg.com/html-webpack-plugin/-/html-webpack-plugin-4.0.0-beta.2.tgz#c3a212448ee198a17dacd06525678ee12f917420"
  dependencies:
    html-minifier "^3.5.20"
    loader-utils "^1.1.0"
    lodash "^4.17.11"
    pretty-error "^2.1.1"
    tapable "^1.1.0"
    util.promisify "1.0.0"

htmlparser2@~3.3.0:
  version "3.3.0"
  resolved "http://registry.npmjs.org/htmlparser2/-/htmlparser2-3.3.0.tgz#cc70d05a59f6542e43f0e685c982e14c924a9efe"
  dependencies:
    domelementtype "1"
    domhandler "2.1"
    domutils "1.1"
    readable-stream "1.0"

inherits@~2.0.1:
  version "2.0.3"
  resolved "https://registry.yarnpkg.com/inherits/-/inherits-2.0.3.tgz#633c2c83e3da42a502f52466022480f4208261de"

is-callable@^1.1.3, is-callable@^1.1.4:
  version "1.1.4"
  resolved "https://registry.yarnpkg.com/is-callable/-/is-callable-1.1.4.tgz#1e1adf219e1eeb684d691f9d6a05ff0d30a24d75"

is-date-object@^1.0.1:
  version "1.0.1"
  resolved "https://registry.yarnpkg.com/is-date-object/-/is-date-object-1.0.1.tgz#9aa20eb6aeebbff77fbd33e74ca01b33581d3a16"

is-regex@^1.0.4:
  version "1.0.4"
  resolved "https://registry.yarnpkg.com/is-regex/-/is-regex-1.0.4.tgz#5517489b547091b0930e095654ced25ee97e9491"
  dependencies:
    has "^1.0.1"

is-symbol@^1.0.2:
  version "1.0.2"
  resolved "https://registry.yarnpkg.com/is-symbol/-/is-symbol-1.0.2.tgz#a055f6ae57192caee329e7a860118b497a950f38"
  dependencies:
    has-symbols "^1.0.0"

isarray@0.0.1:
  version "0.0.1"
  resolved "https://registry.yarnpkg.com/isarray/-/isarray-0.0.1.tgz#8a18acfca9a8f4177e09abfc6038939b05d1eedf"

"js-tokens@^3.0.0 || ^4.0.0":
  version "4.0.0"
  resolved "https://registry.yarnpkg.com/js-tokens/-/js-tokens-4.0.0.tgz#19203fb59991df98e3a287050d4647cdeaf32499"

json5@^0.5.0:
  version "0.5.1"
  resolved "http://registry.npmjs.org/json5/-/json5-0.5.1.tgz#1eade7acc012034ad84e2396767ead9fa5495821"

loader-utils@^1.1.0:
  version "1.1.0"
  resolved "https://registry.yarnpkg.com/loader-utils/-/loader-utils-1.1.0.tgz#c98aef488bcceda2ffb5e2de646d6a754429f5cd"
  dependencies:
    big.js "^3.1.3"
    emojis-list "^2.0.0"
    json5 "^0.5.0"

lodash@^4.17.11:
  version "4.17.11"
  resolved "https://registry.yarnpkg.com/lodash/-/lodash-4.17.11.tgz#b39ea6229ef607ecd89e2c8df12536891cac9b8d"

loose-envify@^1.1.0, loose-envify@^1.3.1:
  version "1.4.0"
  resolved "https://registry.yarnpkg.com/loose-envify/-/loose-envify-1.4.0.tgz#71ee51fa7be4caec1a63839f7e682d8132d30caf"
  dependencies:
    js-tokens "^3.0.0 || ^4.0.0"

lower-case@^1.1.1:
  version "1.1.4"
  resolved "https://registry.yarnpkg.com/lower-case/-/lower-case-1.1.4.tgz#9a2cabd1b9e8e0ae993a4bf7d5875c39c42e8eac"

no-case@^2.2.0:
  version "2.3.2"
  resolved "https://registry.yarnpkg.com/no-case/-/no-case-2.3.2.tgz#60b813396be39b3f1288a4c1ed5d1e7d28b464ac"
  dependencies:
    lower-case "^1.1.1"

nth-check@~1.0.1:
  version "1.0.2"
  resolved "https://registry.yarnpkg.com/nth-check/-/nth-check-1.0.2.tgz#b2bd295c37e3dd58a3bf0700376663ba4d9cf05c"
  dependencies:
    boolbase "~1.0.0"

object-assign@^4.1.1:
  version "4.1.1"
  resolved "https://registry.yarnpkg.com/object-assign/-/object-assign-4.1.1.tgz#2109adc7965887cfc05cbbd442cac8bfbb360863"

object-keys@^1.0.12:
  version "1.0.12"
  resolved "https://registry.yarnpkg.com/object-keys/-/object-keys-1.0.12.tgz#09c53855377575310cca62f55bb334abff7b3ed2"

object.getownpropertydescriptors@^2.0.3:
  version "2.0.3"
  resolved "https://registry.yarnpkg.com/object.getownpropertydescriptors/-/object.getownpropertydescriptors-2.0.3.tgz#8758c846f5b407adab0f236e0986f14b051caa16"
  dependencies:
    define-properties "^1.1.2"
    es-abstract "^1.5.1"

param-case@2.1.x:
  version "2.1.1"
  resolved "https://registry.yarnpkg.com/param-case/-/param-case-2.1.1.tgz#df94fd8cf6531ecf75e6bef9a0858fbc72be2247"
  dependencies:
    no-case "^2.2.0"

pretty-error@^2.1.1:
  version "2.1.1"
  resolved "https://registry.yarnpkg.com/pretty-error/-/pretty-error-2.1.1.tgz#5f4f87c8f91e5ae3f3ba87ab4cf5e03b1a17f1a3"
  dependencies:
    renderkid "^2.0.1"
    utila "~0.4"

prop-types@^15.6.2:
  version "15.6.2"
  resolved "https://registry.yarnpkg.com/prop-types/-/prop-types-15.6.2.tgz#05d5ca77b4453e985d60fc7ff8c859094a497102"
  dependencies:
    loose-envify "^1.3.1"
    object-assign "^4.1.1"

react-dom@^16.6.0:
  version "16.6.0"
  resolved "https://registry.yarnpkg.com/react-dom/-/react-dom-16.6.0.tgz#6375b8391e019a632a89a0988bce85f0cc87a92f"
  dependencies:
    loose-envify "^1.1.0"
    object-assign "^4.1.1"
    prop-types "^15.6.2"
    scheduler "^0.10.0"

react@^16.6.0:
  version "16.6.0"
  resolved "https://registry.yarnpkg.com/react/-/react-16.6.0.tgz#b34761cfaf3e30f5508bc732fb4736730b7da246"
  dependencies:
    loose-envify "^1.1.0"
    object-assign "^4.1.1"
    prop-types "^15.6.2"
    scheduler "^0.10.0"

readable-stream@1.0:
  version "1.0.34"
  resolved "http://registry.npmjs.org/readable-stream/-/readable-stream-1.0.34.tgz#125820e34bc842d2f2aaafafe4c2916ee32c157c"
  dependencies:
    core-util-is "~1.0.0"
    inherits "~2.0.1"
    isarray "0.0.1"
    string_decoder "~0.10.x"

relateurl@0.2.x:
  version "0.2.7"
  resolved "https://registry.yarnpkg.com/relateurl/-/relateurl-0.2.7.tgz#54dbf377e51440aca90a4cd274600d3ff2d888a9"

renderkid@^2.0.1:
  version "2.0.2"
  resolved "https://registry.yarnpkg.com/renderkid/-/renderkid-2.0.2.tgz#12d310f255360c07ad8fde253f6c9e9de372d2aa"
  dependencies:
    css-select "^1.1.0"
    dom-converter "~0.2"
    htmlparser2 "~3.3.0"
    strip-ansi "^3.0.0"
    utila "^0.4.0"

scheduler@^0.10.0:
  version "0.10.0"
  resolved "https://registry.yarnpkg.com/scheduler/-/scheduler-0.10.0.tgz#7988de90fe7edccc774ea175a783e69c40c521e1"
  dependencies:
    loose-envify "^1.1.0"
    object-assign "^4.1.1"

source-map@~0.6.0, source-map@~0.6.1:
  version "0.6.1"
  resolved "https://registry.yarnpkg.com/source-map/-/source-map-0.6.1.tgz#74722af32e9614e9c287a8d0bbde48b5e2f1a263"

string_decoder@~0.10.x:
  version "0.10.31"
  resolved "https://registry.yarnpkg.com/string_decoder/-/string_decoder-0.10.31.tgz#62e203bc41766c6c28c9fc84301dab1c5310fa94"

strip-ansi@^3.0.0:
  version "3.0.1"
  resolved "http://registry.npmjs.org/strip-ansi/-/strip-ansi-3.0.1.tgz#6a385fb8853d952d5ff05d0e8aaf94278dc63dcf"
  dependencies:
    ansi-regex "^2.0.0"

tapable@^1.1.0:
  version "1.1.0"
  resolved "https://registry.yarnpkg.com/tapable/-/tapable-1.1.0.tgz#0d076a172e3d9ba088fd2272b2668fb8d194b78c"

uglify-js@3.4.x:
  version "3.4.9"
  resolved "https://registry.yarnpkg.com/uglify-js/-/uglify-js-3.4.9.tgz#af02f180c1207d76432e473ed24a28f4a782bae3"
  dependencies:
    commander "~2.17.1"
    source-map "~0.6.1"

upper-case@^1.1.1:
  version "1.1.3"
  resolved "https://registry.yarnpkg.com/upper-case/-/upper-case-1.1.3.tgz#f6b4501c2ec4cdd26ba78be7222961de77621598"

util.promisify@1.0.0:
  version "1.0.0"
  resolved "https://registry.yarnpkg.com/util.promisify/-/util.promisify-1.0.0.tgz#440f7165a459c9a16dc145eb8e72f35687097030"
  dependencies:
    define-properties "^1.1.2"
    object.getownpropertydescriptors "^2.0.3"

utila@^0.4.0, utila@~0.4:
  version "0.4.0"
  resolved "https://registry.yarnpkg.com/utila/-/utila-0.4.0.tgz#8a16a05d445657a3aea5eecc5b12a4fa5379772c"
