# THIS IS AN AUTOGENERATED FILE. DO NOT EDIT THIS FILE DIRECTLY.
# yarn lockfile v1


"@babel/helper-builder-react-jsx@^7.0.0":
  version "7.0.0"
  resolved "https://registry.yarnpkg.com/@babel/helper-builder-react-jsx/-/helper-builder-react-jsx-7.0.0.tgz#fa154cb53eb918cf2a9a7ce928e29eb649c5acdb"
  dependencies:
    "@babel/types" "^7.0.0"
    esutils "^2.0.0"

"@babel/helper-plugin-utils@^7.0.0":
  version "7.0.0"
  resolved "https://registry.yarnpkg.com/@babel/helper-plugin-utils/-/helper-plugin-utils-7.0.0.tgz#bbb3fbee98661c569034237cc03967ba99b4f250"

"@babel/plugin-syntax-jsx@^7.0.0":
  version "7.0.0"
  resolved "https://registry.yarnpkg.com/@babel/plugin-syntax-jsx/-/plugin-syntax-jsx-7.0.0.tgz#034d5e2b4e14ccaea2e4c137af7e4afb39375ffd"
  dependencies:
    "@babel/helper-plugin-utils" "^7.0.0"

"@babel/plugin-transform-react-display-name@^7.0.0":
  version "7.0.0"
  resolved "https://registry.yarnpkg.com/@babel/plugin-transform-react-display-name/-/plugin-transform-react-display-name-7.0.0.tgz#93759e6c023782e52c2da3b75eca60d4f10533ee"
  dependencies:
    "@babel/helper-plugin-utils" "^7.0.0"

"@babel/plugin-transform-react-jsx-self@^7.0.0":
  version "7.0.0"
  resolved "https://registry.yarnpkg.com/@babel/plugin-transform-react-jsx-self/-/plugin-transform-react-jsx-self-7.0.0.tgz#a84bb70fea302d915ea81d9809e628266bb0bc11"
  dependencies:
    "@babel/helper-plugin-utils" "^7.0.0"
    "@babel/plugin-syntax-jsx" "^7.0.0"

"@babel/plugin-transform-react-jsx-source@^7.0.0":
  version "7.0.0"
  resolved "https://registry.yarnpkg.com/@babel/plugin-transform-react-jsx-source/-/plugin-transform-react-jsx-source-7.0.0.tgz#28e00584f9598c0dd279f6280eee213fa0121c3c"
  dependencies:
    "@babel/helper-plugin-utils" "^7.0.0"
    "@babel/plugin-syntax-jsx" "^7.0.0"

"@babel/plugin-transform-react-jsx@^7.0.0":
  version "7.0.0"
  resolved "https://registry.yarnpkg.com/@babel/plugin-transform-react-jsx/-/plugin-transform-react-jsx-7.0.0.tgz#524379e4eca5363cd10c4446ba163f093da75f3e"
  dependencies:
    "@babel/helper-builder-react-jsx" "^7.0.0"
    "@babel/helper-plugin-utils" "^7.0.0"
    "@babel/plugin-syntax-jsx" "^7.0.0"

"@babel/preset-react@^7.0.0":
  version "7.0.0"
  resolved "https://registry.yarnpkg.com/@babel/preset-react/-/preset-react-7.0.0.tgz#e86b4b3d99433c7b3e9e91747e2653958bc6b3c0"
  dependencies:
    "@babel/helper-plugin-utils" "^7.0.0"
    "@babel/plugin-transform-react-display-name" "^7.0.0"
    "@babel/plugin-transform-react-jsx" "^7.0.0"
    "@babel/plugin-transform-react-jsx-self" "^7.0.0"
    "@babel/plugin-transform-react-jsx-source" "^7.0.0"

"@babel/types@^7.0.0":
  version "7.1.3"
  resolved "https://registry.yarnpkg.com/@babel/types/-/types-7.1.3.tgz#3a767004567060c2f40fca49a304712c525ee37d"
  dependencies:
    esutils "^2.0.2"
    lodash "^4.17.10"
    to-fast-properties "^2.0.0"

dom-walk@^0.1.0:
  version "0.1.1"
  resolved "https://registry.yarnpkg.com/dom-walk/-/dom-walk-0.1.1.tgz#672226dc74c8f799ad35307df936aba11acd6018"

esutils@^2.0.0, esutils@^2.0.2:
  version "2.0.2"
  resolved "https://registry.yarnpkg.com/esutils/-/esutils-2.0.2.tgz#0abf4f1caa5bcb1f7a9d8acc6dea4faaa04bac9b"

fast-levenshtein@^2.0.6:
  version "2.0.6"
  resolved "https://registry.yarnpkg.com/fast-levenshtein/-/fast-levenshtein-2.0.6.tgz#3d8a5c66883a16a30ca8643e851f19baa7797917"

global@^4.3.0:
  version "4.3.2"
  resolved "https://registry.yarnpkg.com/global/-/global-4.3.2.tgz#e76989268a6c74c38908b1305b10fc0e394e9d0f"
  dependencies:
    min-document "^2.19.0"
    process "~0.5.1"

hoist-non-react-statics@^2.5.0:
  version "2.5.5"
  resolved "https://registry.yarnpkg.com/hoist-non-react-statics/-/hoist-non-react-statics-2.5.5.tgz#c5903cf409c0dfd908f388e619d86b9c1174cb47"

"js-tokens@^3.0.0 || ^4.0.0":
  version "4.0.0"
  resolved "https://registry.yarnpkg.com/js-tokens/-/js-tokens-4.0.0.tgz#19203fb59991df98e3a287050d4647cdeaf32499"

lodash@^4.17.10:
  version "4.17.11"
  resolved "https://registry.yarnpkg.com/lodash/-/lodash-4.17.11.tgz#b39ea6229ef607ecd89e2c8df12536891cac9b8d"

loose-envify@^1.3.1:
  version "1.4.0"
  resolved "https://registry.yarnpkg.com/loose-envify/-/loose-envify-1.4.0.tgz#71ee51fa7be4caec1a63839f7e682d8132d30caf"
  dependencies:
    js-tokens "^3.0.0 || ^4.0.0"

min-document@^2.19.0:
  version "2.19.0"
  resolved "https://registry.yarnpkg.com/min-document/-/min-document-2.19.0.tgz#7bd282e3f5842ed295bb748cdd9f1ffa2c824685"
  dependencies:
    dom-walk "^0.1.0"

object-assign@^4.1.1:
  version "4.1.1"
  resolved "https://registry.yarnpkg.com/object-assign/-/object-assign-4.1.1.tgz#2109adc7965887cfc05cbbd442cac8bfbb360863"

process@~0.5.1:
  version "0.5.2"
  resolved "https://registry.yarnpkg.com/process/-/process-0.5.2.tgz#1638d8a8e34c2f440a91db95ab9aeb677fc185cf"

prop-types@^15.6.1:
  version "15.6.2"
  resolved "https://registry.yarnpkg.com/prop-types/-/prop-types-15.6.2.tgz#05d5ca77b4453e985d60fc7ff8c859094a497102"
  dependencies:
    loose-envify "^1.3.1"
    object-assign "^4.1.1"

react-hot-loader@^4.3.12:
  version "4.3.12"
  resolved "https://registry.yarnpkg.com/react-hot-loader/-/react-hot-loader-4.3.12.tgz#0d56688884e7330c63a00a17217866280616b07a"
  dependencies:
    fast-levenshtein "^2.0.6"
    global "^4.3.0"
    hoist-non-react-statics "^2.5.0"
    prop-types "^15.6.1"
    react-lifecycles-compat "^3.0.4"
    shallowequal "^1.0.2"

react-lifecycles-compat@^3.0.4:
  version "3.0.4"
  resolved "https://registry.yarnpkg.com/react-lifecycles-compat/-/react-lifecycles-compat-3.0.4.tgz#4f1a273afdfc8f3488a8c516bfda78f872352362"

shallowequal@^1.0.2:
  version "1.1.0"
  resolved "https://registry.yarnpkg.com/shallowequal/-/shallowequal-1.1.0.tgz#188d521de95b9087404fd4dcb68b13df0ae4e7f8"

to-fast-properties@^2.0.0:
  version "2.0.0"
  resolved "https://registry.yarnpkg.com/to-fast-properties/-/to-fast-properties-2.0.0.tgz#dc5e698cbd079265bc73e0377681a4e4e83f616e"
